<?xml version="1.0" encoding="UTF-8"?>
<!DOCTYPE plist PUBLIC "-//Apple//DTD PLIST 1.0//EN" "http://www.apple.com/DTDs/PropertyList-1.0.dtd">
<plist version="1.0">
<dict>
	<key>BuildNumber</key>
	<string>430000124</string>
	<key>BundleIdentifier</key>
	<string>com.barebones.bbedit</string>
	<key>HostIdentifier</key>
	<string>EB0C534D-B9FA-5D39-B799-994CF714A444</string>
	<key>HostName</key>
	<string>Mac mini M1</string>
	<key>LockDate</key>
	<date>2026-05-30T08:12:20Z</date>
	<key>LockID</key>
	<string>C90286CF-5B62-4C6A-ADA1-B236F6C791EF</string>
	<key>MarketingVersion</key>
	<string>15.5.5</string>
	<key>NetworkVolume</key>
	<false/>
	<key>ProcessIdentifier</key>
	<integer>464</integer>
	<key>UserName</key>
	<string>rpage</string>
	<key>Version</key>
	<integer>3</integer>
	<key>VolumeIdentifier</key>
	<string>B468DD53-346F-4F74-A9F9-1D2C408FAAE4</string>
</dict>
</plist>
